github.com/chai2010/webp v1.1.1 h1:jTRmEccAJ4MGrhFOrPMpNGIJ/eybIgwKpcACsrTEapk=
github.com/chai2010/webp v1.1.1/go.mod h1:0XVwvZWdjjdxpUEIf7b9g9VkHFnInUSYujwqTLEuldU=
github.com/chenhuifeng/androidbinary v1.0.6 h1:CtI5fXE8XBAM8MLbkm9wEjU5LWT6TQKuZN3Az5pWty8=
github.com/chenhuifeng/androidbinary v1.0.6/go.mod h1:CCaBZYEp19FJfd3FXPWj84dmfzgSAuQADGa26VX1Y+4=
